
Microsoft Visual Studio Solution File, Format Version 12.00
# Visual Studio Version 16
VisualStudioVersion = 16.0.31321.278
MinimumVisualStudioVersion = 10.0.40219.1
Project("{FAE04EC0-301F-11D3-BF4B-00C04F79EFBC}") = "RiboFileManagerPrj", "RiboFileManagerPrj\RiboFileManagerPrj.csproj", "{59989F10-07ED-4395-B06D-DA0105B740E1}"
EndProject
Global
	GlobalSection(SolutionConfigurationPlatforms) = preSolution
		Debug|Any CPU = Debug|Any CPU
		Release|Any CPU = Release|Any CPU
	EndGlobalSection
	GlobalSection(ProjectConfigurationPlatforms) = postSolution
		{59989F10-07ED-4395-B06D-DA0105B740E1}.Debug|Any CPU.ActiveCfg = Debug|Any CPU
		{59989F10-07ED-4395-B06D-DA0105B740E1}.Debug|Any CPU.Build.0 = Debug|Any CPU
		{59989F10-07ED-4395-B06D-DA0105B740E1}.Release|Any CPU.ActiveCfg = Release|Any CPU
		{59989F10-07ED-4395-B06D-DA0105B740E1}.Release|Any CPU.Build.0 = Release|Any CPU
	EndGlobalSection
	GlobalSection(SolutionProperties) = preSolution
		HideSolutionNode = FALSE
	EndGlobalSection
	GlobalSection(ExtensibilityGlobals) = postSolution
		SolutionGuid = {2DFA8DF0-AD99-44D7-8125-570F3A267926}
	EndGlobalSection
EndGlobal
